{
  "originHash" : "8c3927b33a7aa3015051e0da31aaf847155d7a43d3fab30ac390d4819ea3c9b1",
  "pins" : [
    {
      "identity" : "clerk-ios",
      "kind" : "remoteSourceControl",
      "location" : "https://github.com/clerk/clerk-ios",
      "state" : {
        "revision" : "d0a5f2231dcb4b66e091a514ce2d0bead9056404",
        "version" : "1.2.0"
      }
    },
    {
      "identity" : "nuke",
      "kind" : "remoteSourceControl",
      "location" : "https://github.com/kean/Nuke.git",
      "state" : {
        "revision" : "30f7a7e72e0607d304fbf69c799474bd5fb6d1ce",
        "version" : "13.2.0"
      }
    },
    {
      "identity" : "phonenumberkit",
      "kind" : "remoteSourceControl",
      "location" : "https://github.com/marmelroy/PhoneNumberKit",
      "state" : {
        "revision" : "169ab10234347fb19b37441f2867ace896a284b0",
        "version" : "4.3.0"
      }
    }
  ],
  "version" : 3
}
